
Microsoft Visual Studio Solution File, Format Version 12.00
# Visual Studio Version 16
VisualStudioVersion = 16.0.30804.86
MinimumVisualStudioVersion = 10.0.40219.1
Project("{FAE04EC0-301F-11D3-BF4B-00C04F79EFBC}") = "BaseAbstractChildNormal", "BaseAbstractChildNormal\BaseAbstractChildNormal.csproj", "{9471EFC5-7150-421E-99F2-BC8CA7AD9354}"
EndProject
Global
	GlobalSection(SolutionConfigurationPlatforms) = preSolution
		Debug|Any CPU = Debug|Any CPU
		Release|Any CPU = Release|Any CPU
	EndGlobalSection
	GlobalSection(ProjectConfigurationPlatforms) = postSolution
		{9471EFC5-7150-421E-99F2-BC8CA7AD9354}.Debug|Any CPU.ActiveCfg = Debug|Any CPU
		{9471EFC5-7150-421E-99F2-BC8CA7AD9354}.Debug|Any CPU.Build.0 = Debug|Any CPU
		{9471EFC5-7150-421E-99F2-BC8CA7AD9354}.Release|Any CPU.ActiveCfg = Release|Any CPU
		{9471EFC5-7150-421E-99F2-BC8CA7AD9354}.Release|Any CPU.Build.0 = Release|Any CPU
	EndGlobalSection
	GlobalSection(SolutionProperties) = preSolution
		HideSolutionNode = FALSE
	EndGlobalSection
	GlobalSection(ExtensibilityGlobals) = postSolution
		SolutionGuid = {915D4089-564B-4089-8911-AFE4AD4221B7}
	EndGlobalSection
EndGlobal
